
Microsoft Visual Studio Solution File, Format Version 12.00
# Visual Studio 14
VisualStudioVersion = 14.0.25420.1
MinimumVisualStudioVersion = 10.0.40219.1
Project("{FAE04EC0-301F-11D3-BF4B-00C04F79EFBC}") = "ServerCaro", "ServerCaro\ServerCaro.csproj", "{DDA39D6D-B8F5-40E9-B625-9BB9270C4499}"
EndProject
Project("{FAE04EC0-301F-11D3-BF4B-00C04F79EFBC}") = "ClientCaro", "ClientCaro\ClientCaro.csproj", "{1BAFC96A-C681-43AC-A11A-5FC55D04EBC2}"
EndProject
Global
	GlobalSection(SolutionConfigurationPlatforms) = preSolution
		Debug|Any CPU = Debug|Any CPU
		Release|Any CPU = Release|Any CPU
	EndGlobalSection
	GlobalSection(ProjectConfigurationPlatforms) = postSolution
		{DDA39D6D-B8F5-40E9-B625-9BB9270C4499}.Debug|Any CPU.ActiveCfg = Debug|Any CPU
		{DDA39D6D-B8F5-40E9-B625-9BB9270C4499}.Debug|Any CPU.Build.0 = Debug|Any CPU
		{DDA39D6D-B8F5-40E9-B625-9BB9270C4499}.Release|Any CPU.ActiveCfg = Release|Any CPU
		{DDA39D6D-B8F5-40E9-B625-9BB9270C4499}.Release|Any CPU.Build.0 = Release|Any CPU
		{1BAFC96A-C681-43AC-A11A-5FC55D04EBC2}.Debug|Any CPU.ActiveCfg = Debug|Any CPU
		{1BAFC96A-C681-43AC-A11A-5FC55D04EBC2}.Debug|Any CPU.Build.0 = Debug|Any CPU
		{1BAFC96A-C681-43AC-A11A-5FC55D04EBC2}.Release|Any CPU.ActiveCfg = Release|Any CPU
		{1BAFC96A-C681-43AC-A11A-5FC55D04EBC2}.Release|Any CPU.Build.0 = Release|Any CPU
	EndGlobalSection
	GlobalSection(SolutionProperties) = preSolution
		HideSolutionNode = FALSE
	EndGlobalSection
EndGlobal
